
Microsoft Visual Studio Solution File, Format Version 12.00
# Visual Studio Version 16
VisualStudioVersion = 16.0.29230.47
MinimumVisualStudioVersion = 10.0.40219.1
Project("{9A19103F-16F7-4668-BE54-9A1E7A4F7556}") = "Blog.Application", "Blog.Application\Blog.Application.csproj", "{B04F3BEC-9617-4CFC-AC8B-D78CA3F94CC0}"
EndProject
Project("{9A19103F-16F7-4668-BE54-9A1E7A4F7556}") = "Blog.Core", "Blog.Core\Blog.Core.csproj", "{F4B36FC1-B7CC-4EA4-A0A4-029DCBF8FD7B}"
EndProject
Project("{9A19103F-16F7-4668-BE54-9A1E7A4F7556}") = "Blog.Infrastructure", "Blog.Infrastructure\Blog.Infrastructure.csproj", "{542A0D40-73C2-47D5-9F2C-7281B829953F}"
EndProject
Project("{2150E333-8FDC-42A3-9474-1A3956D46DE8}") = "Libs", "Libs", "{BF1ED2B8-5446-470C-9048-4CB66483B56C}"
EndProject
Project("{9A19103F-16F7-4668-BE54-9A1E7A4F7556}") = "Http", "Http\Http.csproj", "{712470FC-3856-4D59-A57C-CED59F6CCFDF}"
EndProject
Project("{9A19103F-16F7-4668-BE54-9A1E7A4F7556}") = "Blog.Api", "Blog.Api\Blog.Api.csproj", "{8E1F97BD-A834-4FB6-B0DF-D96ADB9BADD6}"
EndProject
Project("{FAE04EC0-301F-11D3-BF4B-00C04F79EFBC}") = "Repositories", "Repositories\Repositories.csproj", "{9FBF354B-0AF9-4F26-8306-866B3CC719BD}"
EndProject
Project("{9A19103F-16F7-4668-BE54-9A1E7A4F7556}") = "Repositories.Abstractions", "Repositories.Abstractions\Repositories.Abstractions.csproj", "{A3D742DC-37C9-4ECF-9D79-F68D25EC7828}"
EndProject
Global
	GlobalSection(SolutionConfigurationPlatforms) = preSolution
		Debug|Any CPU = Debug|Any CPU
		Release|Any CPU = Release|Any CPU
	EndGlobalSection
	GlobalSection(ProjectConfigurationPlatforms) = postSolution
		{B04F3BEC-9617-4CFC-AC8B-D78CA3F94CC0}.Debug|Any CPU.ActiveCfg = Debug|Any CPU
		{B04F3BEC-9617-4CFC-AC8B-D78CA3F94CC0}.Debug|Any CPU.Build.0 = Debug|Any CPU
		{B04F3BEC-9617-4CFC-AC8B-D78CA3F94CC0}.Release|Any CPU.ActiveCfg = Release|Any CPU
		{B04F3BEC-9617-4CFC-AC8B-D78CA3F94CC0}.Release|Any CPU.Build.0 = Release|Any CPU
		{F4B36FC1-B7CC-4EA4-A0A4-029DCBF8FD7B}.Debug|Any CPU.ActiveCfg = Debug|Any CPU
		{F4B36FC1-B7CC-4EA4-A0A4-029DCBF8FD7B}.Debug|Any CPU.Build.0 = Debug|Any CPU
		{F4B36FC1-B7CC-4EA4-A0A4-029DCBF8FD7B}.Release|Any CPU.ActiveCfg = Release|Any CPU
		{F4B36FC1-B7CC-4EA4-A0A4-029DCBF8FD7B}.Release|Any CPU.Build.0 = Release|Any CPU
		{542A0D40-73C2-47D5-9F2C-7281B829953F}.Debug|Any CPU.ActiveCfg = Debug|Any CPU
		{542A0D40-73C2-47D5-9F2C-7281B829953F}.Debug|Any CPU.Build.0 = Debug|Any CPU
		{542A0D40-73C2-47D5-9F2C-7281B829953F}.Release|Any CPU.ActiveCfg = Release|Any CPU
		{542A0D40-73C2-47D5-9F2C-7281B829953F}.Release|Any CPU.Build.0 = Release|Any CPU
		{712470FC-3856-4D59-A57C-CED59F6CCFDF}.Debug|Any CPU.ActiveCfg = Debug|Any CPU
		{712470FC-3856-4D59-A57C-CED59F6CCFDF}.Debug|Any CPU.Build.0 = Debug|Any CPU
		{712470FC-3856-4D59-A57C-CED59F6CCFDF}.Release|Any CPU.ActiveCfg = Release|Any CPU
		{712470FC-3856-4D59-A57C-CED59F6CCFDF}.Release|Any CPU.Build.0 = Release|Any CPU
		{8E1F97BD-A834-4FB6-B0DF-D96ADB9BADD6}.Debug|Any CPU.ActiveCfg = Debug|Any CPU
		{8E1F97BD-A834-4FB6-B0DF-D96ADB9BADD6}.Debug|Any CPU.Build.0 = Debug|Any CPU
		{8E1F97BD-A834-4FB6-B0DF-D96ADB9BADD6}.Release|Any CPU.ActiveCfg = Release|Any CPU
		{8E1F97BD-A834-4FB6-B0DF-D96ADB9BADD6}.Release|Any CPU.Build.0 = Release|Any CPU
		{9FBF354B-0AF9-4F26-8306-866B3CC719BD}.Debug|Any CPU.ActiveCfg = Debug|Any CPU
		{9FBF354B-0AF9-4F26-8306-866B3CC719BD}.Debug|Any CPU.Build.0 = Debug|Any CPU
		{9FBF354B-0AF9-4F26-8306-866B3CC719BD}.Release|Any CPU.ActiveCfg = Release|Any CPU
		{9FBF354B-0AF9-4F26-8306-866B3CC719BD}.Release|Any CPU.Build.0 = Release|Any CPU
		{A3D742DC-37C9-4ECF-9D79-F68D25EC7828}.Debug|Any CPU.ActiveCfg = Debug|Any CPU
		{A3D742DC-37C9-4ECF-9D79-F68D25EC7828}.Debug|Any CPU.Build.0 = Debug|Any CPU
		{A3D742DC-37C9-4ECF-9D79-F68D25EC7828}.Release|Any CPU.ActiveCfg = Release|Any CPU
		{A3D742DC-37C9-4ECF-9D79-F68D25EC7828}.Release|Any CPU.Build.0 = Release|Any CPU
	EndGlobalSection
	GlobalSection(SolutionProperties) = preSolution
		HideSolutionNode = FALSE
	EndGlobalSection
	GlobalSection(NestedProjects) = preSolution
		{712470FC-3856-4D59-A57C-CED59F6CCFDF} = {BF1ED2B8-5446-470C-9048-4CB66483B56C}
		{9FBF354B-0AF9-4F26-8306-866B3CC719BD} = {BF1ED2B8-5446-470C-9048-4CB66483B56C}
		{A3D742DC-37C9-4ECF-9D79-F68D25EC7828} = {BF1ED2B8-5446-470C-9048-4CB66483B56C}
	EndGlobalSection
	GlobalSection(ExtensibilityGlobals) = postSolution
		SolutionGuid = {6DE45BB1-8716-4497-9CFF-BD7A9FC4FC44}
	EndGlobalSection
EndGlobal
